
Microsoft Visual Studio Solution File, Format Version 12.00
# Visual Studio Version 17
VisualStudioVersion = 17.9.34622.214
MinimumVisualStudioVersion = 10.0.40219.1
Project("{FAE04EC0-301F-11D3-BF4B-00C04F79EFBC}") = "LEAN_MULTITHREAD", "LEAN_MULTITHREAD\LEAN_MULTITHREAD.csproj", "{D38F2C98-F1CD-484D-9AE1-979590ABEB86}"
EndProject
Project("{FAE04EC0-301F-11D3-BF4B-00C04F79EFBC}") = "OTHER_START_THREAD", "OTHER_START_THREAD\OTHER_START_THREAD.csproj", "{3A3BC903-90DB-44C3-8833-E7A0648E2C4A}"
EndProject
Project("{FAE04EC0-301F-11D3-BF4B-00C04F79EFBC}") = "CREATE_SEVERAL_THREADS", "CREATE_SEVERAL_THREADS\CREATE_SEVERAL_THREADS.csproj", "{F76D6F1C-671A-4345-A60C-EB682ED8A96E}"
EndProject
Project("{FAE04EC0-301F-11D3-BF4B-00C04F79EFBC}") = "DETERMINING_END_THREAD", "DETERMINING_END_THREAD\DETERMINING_END_THREAD.csproj", "{4D298E59-079A-4513-8C25-F380DB75A1F3}"
EndProject
Project("{FAE04EC0-301F-11D3-BF4B-00C04F79EFBC}") = "ADD_PARAMETER_TO_THREAD", "ADD_PARAMETER_TO_THREAD\ADD_PARAMETER_TO_THREAD.csproj", "{63C259DC-BC7B-4AAE-9E33-61E0549C1BBE}"
EndProject
Project("{FAE04EC0-301F-11D3-BF4B-00C04F79EFBC}") = "SET_PROIRITY_THREAD", "SET_PROIRITY_THREAD\SET_PROIRITY_THREAD.csproj", "{1FD83F31-62AD-4287-994A-2FD2A1E7F36A}"
EndProject
Project("{FAE04EC0-301F-11D3-BF4B-00C04F79EFBC}") = "SYNCHRONIZATION_STREAM", "SYNCHRONIZATION_STREAM\SYNCHRONIZATION_STREAM.csproj", "{F275D9AE-2751-4BE7-A6F2-CB1A30A1AED2}"
EndProject
Project("{FAE04EC0-301F-11D3-BF4B-00C04F79EFBC}") = "USING_WAIT_AND_PULSE", "USING_WAIT_AND_PULSE\USING_WAIT_AND_PULSE.csproj", "{B405DC82-8FA9-454E-A1BF-F035D94771D6}"
EndProject
Project("{FAE04EC0-301F-11D3-BF4B-00C04F79EFBC}") = "MUTEX", "MUTEX\MUTEX.csproj", "{BE1CAAA7-29BA-4BED-89AF-BA040115D121}"
EndProject
Project("{FAE04EC0-301F-11D3-BF4B-00C04F79EFBC}") = "USING_EVENTS", "USING_EVENTS\USING_EVENTS.csproj", "{94848C10-3E2F-4767-9EC8-070D8A33069B}"
EndProject
Global
	GlobalSection(SolutionConfigurationPlatforms) = preSolution
		Debug|Any CPU = Debug|Any CPU
		Release|Any CPU = Release|Any CPU
	EndGlobalSection
	GlobalSection(ProjectConfigurationPlatforms) = postSolution
		{D38F2C98-F1CD-484D-9AE1-979590ABEB86}.Debug|Any CPU.ActiveCfg = Debug|Any CPU
		{D38F2C98-F1CD-484D-9AE1-979590ABEB86}.Debug|Any CPU.Build.0 = Debug|Any CPU
		{D38F2C98-F1CD-484D-9AE1-979590ABEB86}.Release|Any CPU.ActiveCfg = Release|Any CPU
		{D38F2C98-F1CD-484D-9AE1-979590ABEB86}.Release|Any CPU.Build.0 = Release|Any CPU
		{3A3BC903-90DB-44C3-8833-E7A0648E2C4A}.Debug|Any CPU.ActiveCfg = Debug|Any CPU
		{3A3BC903-90DB-44C3-8833-E7A0648E2C4A}.Debug|Any CPU.Build.0 = Debug|Any CPU
		{3A3BC903-90DB-44C3-8833-E7A0648E2C4A}.Release|Any CPU.ActiveCfg = Release|Any CPU
		{3A3BC903-90DB-44C3-8833-E7A0648E2C4A}.Release|Any CPU.Build.0 = Release|Any CPU
		{F76D6F1C-671A-4345-A60C-EB682ED8A96E}.Debug|Any CPU.ActiveCfg = Debug|Any CPU
		{F76D6F1C-671A-4345-A60C-EB682ED8A96E}.Debug|Any CPU.Build.0 = Debug|Any CPU
		{F76D6F1C-671A-4345-A60C-EB682ED8A96E}.Release|Any CPU.ActiveCfg = Release|Any CPU
		{F76D6F1C-671A-4345-A60C-EB682ED8A96E}.Release|Any CPU.Build.0 = Release|Any CPU
		{4D298E59-079A-4513-8C25-F380DB75A1F3}.Debug|Any CPU.ActiveCfg = Debug|Any CPU
		{4D298E59-079A-4513-8C25-F380DB75A1F3}.Debug|Any CPU.Build.0 = Debug|Any CPU
		{4D298E59-079A-4513-8C25-F380DB75A1F3}.Release|Any CPU.ActiveCfg = Release|Any CPU
		{4D298E59-079A-4513-8C25-F380DB75A1F3}.Release|Any CPU.Build.0 = Release|Any CPU
		{63C259DC-BC7B-4AAE-9E33-61E0549C1BBE}.Debug|Any CPU.ActiveCfg = Debug|Any CPU
		{63C259DC-BC7B-4AAE-9E33-61E0549C1BBE}.Debug|Any CPU.Build.0 = Debug|Any CPU
		{63C259DC-BC7B-4AAE-9E33-61E0549C1BBE}.Release|Any CPU.ActiveCfg = Release|Any CPU
		{63C259DC-BC7B-4AAE-9E33-61E0549C1BBE}.Release|Any CPU.Build.0 = Release|Any CPU
		{1FD83F31-62AD-4287-994A-2FD2A1E7F36A}.Debug|Any CPU.ActiveCfg = Debug|Any CPU
		{1FD83F31-62AD-4287-994A-2FD2A1E7F36A}.Debug|Any CPU.Build.0 = Debug|Any CPU
		{1FD83F31-62AD-4287-994A-2FD2A1E7F36A}.Release|Any CPU.ActiveCfg = Release|Any CPU
		{1FD83F31-62AD-4287-994A-2FD2A1E7F36A}.Release|Any CPU.Build.0 = Release|Any CPU
		{F275D9AE-2751-4BE7-A6F2-CB1A30A1AED2}.Debug|Any CPU.ActiveCfg = Debug|Any CPU
		{F275D9AE-2751-4BE7-A6F2-CB1A30A1AED2}.Debug|Any CPU.Build.0 = Debug|Any CPU
		{F275D9AE-2751-4BE7-A6F2-CB1A30A1AED2}.Release|Any CPU.ActiveCfg = Release|Any CPU
		{F275D9AE-2751-4BE7-A6F2-CB1A30A1AED2}.Release|Any CPU.Build.0 = Release|Any CPU
		{B405DC82-8FA9-454E-A1BF-F035D94771D6}.Debug|Any CPU.ActiveCfg = Debug|Any CPU
		{B405DC82-8FA9-454E-A1BF-F035D94771D6}.Debug|Any CPU.Build.0 = Debug|Any CPU
		{B405DC82-8FA9-454E-A1BF-F035D94771D6}.Release|Any CPU.ActiveCfg = Release|Any CPU
		{B405DC82-8FA9-454E-A1BF-F035D94771D6}.Release|Any CPU.Build.0 = Release|Any CPU
		{BE1CAAA7-29BA-4BED-89AF-BA040115D121}.Debug|Any CPU.ActiveCfg = Debug|Any CPU
		{BE1CAAA7-29BA-4BED-89AF-BA040115D121}.Debug|Any CPU.Build.0 = Debug|Any CPU
		{BE1CAAA7-29BA-4BED-89AF-BA040115D121}.Release|Any CPU.ActiveCfg = Release|Any CPU
		{BE1CAAA7-29BA-4BED-89AF-BA040115D121}.Release|Any CPU.Build.0 = Release|Any CPU
		{94848C10-3E2F-4767-9EC8-070D8A33069B}.Debug|Any CPU.ActiveCfg = Debug|Any CPU
		{94848C10-3E2F-4767-9EC8-070D8A33069B}.Debug|Any CPU.Build.0 = Debug|Any CPU
		{94848C10-3E2F-4767-9EC8-070D8A33069B}.Release|Any CPU.ActiveCfg = Release|Any CPU
		{94848C10-3E2F-4767-9EC8-070D8A33069B}.Release|Any CPU.Build.0 = Release|Any CPU
	EndGlobalSection
	GlobalSection(SolutionProperties) = preSolution
		HideSolutionNode = FALSE
	EndGlobalSection
	GlobalSection(ExtensibilityGlobals) = postSolution
		SolutionGuid = {D3E969E2-71B2-4EFC-80A3-5E729862EE39}
	EndGlobalSection
EndGlobal
